
Microsoft Visual Studio Solution File, Format Version 12.00
# Visual Studio Version 16
VisualStudioVersion = 16.0.30503.244
MinimumVisualStudioVersion = 10.0.40219.1
Project("{888888A0-9F3D-457C-B088-3A5042F75D52}") = "Assignment_1", "Assignment_1\Assignment_1.pyproj", "{9C768BB9-2FF9-4A24-999A-ADB80A351674}"
EndProject
Global
	GlobalSection(SolutionConfigurationPlatforms) = preSolution
		Debug|Any CPU = Debug|Any CPU
		Release|Any CPU = Release|Any CPU
	EndGlobalSection
	GlobalSection(ProjectConfigurationPlatforms) = postSolution
		{9C768BB9-2FF9-4A24-999A-ADB80A351674}.Debug|Any CPU.ActiveCfg = Debug|Any CPU
		{9C768BB9-2FF9-4A24-999A-ADB80A351674}.Release|Any CPU.ActiveCfg = Release|Any CPU
	EndGlobalSection
	GlobalSection(SolutionProperties) = preSolution
		HideSolutionNode = FALSE
	EndGlobalSection
	GlobalSection(ExtensibilityGlobals) = postSolution
		SolutionGuid = {FB01EED0-A41C-4A1E-8778-F41FE385716E}
	EndGlobalSection
EndGlobal
